
Microsoft Visual Studio Solution File, Format Version 12.00
# Visual Studio Version 17
VisualStudioVersion = 17.3.32929.385
MinimumVisualStudioVersion = 10.0.40219.1
Project("{FAE04EC0-301F-11D3-BF4B-00C04F79EFBC}") = "dota2-timer", "dota2-timer.csproj", "{C480930D-1198-4461-9582-D3BADFF6F73C}"
EndProject
Global
	GlobalSection(SolutionConfigurationPlatforms) = preSolution
		Debug|Any CPU = Debug|Any CPU
		Release|Any CPU = Release|Any CPU
	EndGlobalSection
	GlobalSection(ProjectConfigurationPlatforms) = postSolution
		{C480930D-1198-4461-9582-D3BADFF6F73C}.Debug|Any CPU.ActiveCfg = Debug|Any CPU
		{C480930D-1198-4461-9582-D3BADFF6F73C}.Debug|Any CPU.Build.0 = Debug|Any CPU
		{C480930D-1198-4461-9582-D3BADFF6F73C}.Release|Any CPU.ActiveCfg = Release|Any CPU
		{C480930D-1198-4461-9582-D3BADFF6F73C}.Release|Any CPU.Build.0 = Release|Any CPU
	EndGlobalSection
	GlobalSection(SolutionProperties) = preSolution
		HideSolutionNode = FALSE
	EndGlobalSection
	GlobalSection(ExtensibilityGlobals) = postSolution
		SolutionGuid = {B5402B82-53B8-4654-B0F6-294627DAF723}
	EndGlobalSection
EndGlobal
